
Microsoft Visual Studio Solution File, Format Version 12.00
# Visual Studio 15
Project("{FAE04EC0-301F-11D3-BF4B-00C04F79EFBC}") = "Mirror", "Mirror.csproj", "{845FE46C-B6C4-22DB-1C43-B1AA81341D41}"
EndProject
Project("{FAE04EC0-301F-11D3-BF4B-00C04F79EFBC}") = "Mirror.Components", "Mirror.Components.csproj", "{E5221F15-AAFE-2E60-A1AE-1227678F35EE}"
EndProject
Project("{FAE04EC0-301F-11D3-BF4B-00C04F79EFBC}") = "Assembly-CSharp", "Assembly-CSharp.csproj", "{D44C76D8-C3B6-E36B-87C8-7F09570B47EC}"
EndProject
Project("{FAE04EC0-301F-11D3-BF4B-00C04F79EFBC}") = "Ninja.WebSockets", "Ninja.WebSockets.csproj", "{3BD34981-746A-D2DD-4892-0716169D3D5F}"
EndProject
Project("{FAE04EC0-301F-11D3-BF4B-00C04F79EFBC}") = "Mirror.Authenticators", "Mirror.Authenticators.csproj", "{C8B3D95A-43B0-3EAE-0C51-5E6334A8EC53}"
EndProject
Project("{FAE04EC0-301F-11D3-BF4B-00C04F79EFBC}") = "Mirror.Weaver", "Mirror.Weaver.csproj", "{13658CB9-C82B-C98B-63D4-6B35A375241F}"
EndProject
Project("{FAE04EC0-301F-11D3-BF4B-00C04F79EFBC}") = "Mirror.Editor", "Mirror.Editor.csproj", "{8A320CF9-9C17-3A20-7921-96470173CCCD}"
EndProject
Project("{FAE04EC0-301F-11D3-BF4B-00C04F79EFBC}") = "Mirror.CompilerSymbols", "Mirror.CompilerSymbols.csproj", "{8E339FD5-C44D-EB53-11F3-34672543DBEA}"
EndProject
Global
	GlobalSection(SolutionConfigurationPlatforms) = preSolution
		Debug|Any CPU = Debug|Any CPU
		Release|Any CPU = Release|Any CPU
	EndGlobalSection
	GlobalSection(ProjectConfigurationPlatforms) = postSolution
		{845FE46C-B6C4-22DB-1C43-B1AA81341D41}.Debug|Any CPU.ActiveCfg = Debug|Any CPU
		{845FE46C-B6C4-22DB-1C43-B1AA81341D41}.Debug|Any CPU.Build.0 = Debug|Any CPU
		{845FE46C-B6C4-22DB-1C43-B1AA81341D41}.Release|Any CPU.ActiveCfg = Release|Any CPU
		{845FE46C-B6C4-22DB-1C43-B1AA81341D41}.Release|Any CPU.Build.0 = Release|Any CPU
		{E5221F15-AAFE-2E60-A1AE-1227678F35EE}.Debug|Any CPU.ActiveCfg = Debug|Any CPU
		{E5221F15-AAFE-2E60-A1AE-1227678F35EE}.Debug|Any CPU.Build.0 = Debug|Any CPU
		{E5221F15-AAFE-2E60-A1AE-1227678F35EE}.Release|Any CPU.ActiveCfg = Release|Any CPU
		{E5221F15-AAFE-2E60-A1AE-1227678F35EE}.Release|Any CPU.Build.0 = Release|Any CPU
		{D44C76D8-C3B6-E36B-87C8-7F09570B47EC}.Debug|Any CPU.ActiveCfg = Debug|Any CPU
		{D44C76D8-C3B6-E36B-87C8-7F09570B47EC}.Debug|Any CPU.Build.0 = Debug|Any CPU
		{D44C76D8-C3B6-E36B-87C8-7F09570B47EC}.Release|Any CPU.ActiveCfg = Release|Any CPU
		{D44C76D8-C3B6-E36B-87C8-7F09570B47EC}.Release|Any CPU.Build.0 = Release|Any CPU
		{3BD34981-746A-D2DD-4892-0716169D3D5F}.Debug|Any CPU.ActiveCfg = Debug|Any CPU
		{3BD34981-746A-D2DD-4892-0716169D3D5F}.Debug|Any CPU.Build.0 = Debug|Any CPU
		{3BD34981-746A-D2DD-4892-0716169D3D5F}.Release|Any CPU.ActiveCfg = Release|Any CPU
		{3BD34981-746A-D2DD-4892-0716169D3D5F}.Release|Any CPU.Build.0 = Release|Any CPU
		{C8B3D95A-43B0-3EAE-0C51-5E6334A8EC53}.Debug|Any CPU.ActiveCfg = Debug|Any CPU
		{C8B3D95A-43B0-3EAE-0C51-5E6334A8EC53}.Debug|Any CPU.Build.0 = Debug|Any CPU
		{C8B3D95A-43B0-3EAE-0C51-5E6334A8EC53}.Release|Any CPU.ActiveCfg = Release|Any CPU
		{C8B3D95A-43B0-3EAE-0C51-5E6334A8EC53}.Release|Any CPU.Build.0 = Release|Any CPU
		{13658CB9-C82B-C98B-63D4-6B35A375241F}.Debug|Any CPU.ActiveCfg = Debug|Any CPU
		{13658CB9-C82B-C98B-63D4-6B35A375241F}.Debug|Any CPU.Build.0 = Debug|Any CPU
		{13658CB9-C82B-C98B-63D4-6B35A375241F}.Release|Any CPU.ActiveCfg = Release|Any CPU
		{13658CB9-C82B-C98B-63D4-6B35A375241F}.Release|Any CPU.Build.0 = Release|Any CPU
		{8A320CF9-9C17-3A20-7921-96470173CCCD}.Debug|Any CPU.ActiveCfg = Debug|Any CPU
		{8A320CF9-9C17-3A20-7921-96470173CCCD}.Debug|Any CPU.Build.0 = Debug|Any CPU
		{8A320CF9-9C17-3A20-7921-96470173CCCD}.Release|Any CPU.ActiveCfg = Release|Any CPU
		{8A320CF9-9C17-3A20-7921-96470173CCCD}.Release|Any CPU.Build.0 = Release|Any CPU
		{8E339FD5-C44D-EB53-11F3-34672543DBEA}.Debug|Any CPU.ActiveCfg = Debug|Any CPU
		{8E339FD5-C44D-EB53-11F3-34672543DBEA}.Debug|Any CPU.Build.0 = Debug|Any CPU
		{8E339FD5-C44D-EB53-11F3-34672543DBEA}.Release|Any CPU.ActiveCfg = Release|Any CPU
		{8E339FD5-C44D-EB53-11F3-34672543DBEA}.Release|Any CPU.Build.0 = Release|Any CPU
	EndGlobalSection
	GlobalSection(SolutionProperties) = preSolution
		HideSolutionNode = FALSE
	EndGlobalSection
EndGlobal
